// !$*UTF8*$!
{
	archiveVersion = 1;
	classes = {
	};
	objectVersion = 50;
	objects = {

/* Begin PBXBuildFile section */
		1B290ACF6A43B663E0158068 /* Pods_Messages.framework in Frameworks */ = {isa = PBXBuildFile; fileRef = 45C3111B423137B0DBE4B44E /* Pods_Messages.framework */; };
		490CD47C21947B7900FED70E /* GoogleService-Info.plist in Resources */ = {isa = PBXBuildFile; fileRef = 490CD47B21947B7900FED70E /* GoogleService-Info.plist */; };
		490CD47E21949CC500FED70E /* LoginRegisterController.swift in Sources */ = {isa = PBXBuildFile; fileRef = 490CD47D21949CC500FED70E /* LoginRegisterController.swift */; };
		493A50D4219DDA6C00B1244B /* Message.swift in Sources */ = {isa = PBXBuildFile; fileRef = 493A50D3219DDA6C00B1244B /* Message.swift */; };
		494F484121928C6400CA31F0 /* AppDelegate.swift in Sources */ = {isa = PBXBuildFile; fileRef = 494F484021928C6400CA31F0 /* AppDelegate.swift */; };
		494F484321928C6400CA31F0 /* MessagesController.swift in Sources */ = {isa = PBXBuildFile; fileRef = 494F484221928C6400CA31F0 /* MessagesController.swift */; };
		494F484821928C6500CA31F0 /* Assets.xcassets in Resources */ = {isa = PBXBuildFile; fileRef = 494F484721928C6500CA31F0 /* Assets.xcassets */; };
		494F484B21928C6500CA31F0 /* LaunchScreen.storyboard in Resources */ = {isa = PBXBuildFile; fileRef = 494F484921928C6500CA31F0 /* LaunchScreen.storyboard */; };
		496B3418219B1A61000029D8 /* ChatLogController.swift in Sources */ = {isa = PBXBuildFile; fileRef = 496B3417219B1A61000029D8 /* ChatLogController.swift */; };
		4972DBCC21977E5200CCE8E6 /* LoginRegisterController+Handlers.swift in Sources */ = {isa = PBXBuildFile; fileRef = 4972DBCB21977E5200CCE8E6 /* LoginRegisterController+Handlers.swift */; };
		4977A5D521A12A8E00C72F61 /* UserCell.swift in Sources */ = {isa = PBXBuildFile; fileRef = 4977A5D421A12A8E00C72F61 /* UserCell.swift */; };
		49B2BAFA2195C8D600BED11F /* NewMessageController.swift in Sources */ = {isa = PBXBuildFile; fileRef = 49B2BAF92195C8D600BED11F /* NewMessageController.swift */; };
		49B2BAFD2195CDF000BED11F /* User.swift in Sources */ = {isa = PBXBuildFile; fileRef = 49B2BAFC2195CDF000BED11F /* User.swift */; };
		49B2BAFF2196A9B800BED11F /* RealmDataManager.swift in Sources */ = {isa = PBXBuildFile; fileRef = 49B2BAFE2196A9B800BED11F /* RealmDataManager.swift */; };
		49B2BB012196B7E900BED11F /* FirebaseDataManager.swift in Sources */ = {isa = PBXBuildFile; fileRef = 49B2BB002196B7E900BED11F /* FirebaseDataManager.swift */; };
		49F8DBCC219A0420009AB97E /* ImageCache.swift in Sources */ = {isa = PBXBuildFile; fileRef = 49F8DBCB219A0420009AB97E /* ImageCache.swift */; };
/* End PBXBuildFile section */

/* Begin PBXFileReference section */
		45C3111B423137B0DBE4B44E /* Pods_Messages.framework */ = {isa = PBXFileReference; explicitFileType = wrapper.framework; includeInIndex = 0; path = Pods_Messages.framework; sourceTree = BUILT_PRODUCTS_DIR; };
		490CD47B21947B7900FED70E /* GoogleService-Info.plist */ = {isa = PBXFileReference; fileEncoding = 4; lastKnownFileType = text.plist.xml; path = "GoogleService-Info.plist"; sourceTree = "<group>"; };
		490CD47D21949CC500FED70E /* LoginRegisterController.swift */ = {isa = PBXFileReference; lastKnownFileType = sourcecode.swift; path = LoginRegisterController.swift; sourceTree = "<group>"; };
		493A50D3219DDA6C00B1244B /* Message.swift */ = {isa = PBXFileReference; lastKnownFileType = sourcecode.swift; path = Message.swift; sourceTree = "<group>"; };
		494F483D21928C6400CA31F0 /* Messages.app */ = {isa = PBXFileReference; explicitFileType = wrapper.application; includeInIndex = 0; path = Messages.app; sourceTree = BUILT_PRODUCTS_DIR; };
		494F484021928C6400CA31F0 /* AppDelegate.swift */ = {isa = PBXFileReference; lastKnownFileType = sourcecode.swift; path = AppDelegate.swift; sourceTree = "<group>"; };
		494F484221928C6400CA31F0 /* MessagesController.swift */ = {isa = PBXFileReference; lastKnownFileType = sourcecode.swift; path = MessagesController.swift; sourceTree = "<group>"; };
		494F484721928C6500CA31F0 /* Assets.xcassets */ = {isa = PBXFileReference; lastKnownFileType = folder.assetcatalog; path = Assets.xcassets; sourceTree = "<group>"; };
		494F484A21928C6500CA31F0 /* Base */ = {isa = PBXFileReference; lastKnownFileType = file.storyboard; name = Base; path = Base.lproj/LaunchScreen.storyboard; sourceTree = "<group>"; };
		494F484C21928C6500CA31F0 /* Info.plist */ = {isa = PBXFileReference; lastKnownFileType = text.plist.xml; path = Info.plist; sourceTree = "<group>"; };
		496B3417219B1A61000029D8 /* ChatLogController.swift */ = {isa = PBXFileReference; lastKnownFileType = sourcecode.swift; path = ChatLogController.swift; sourceTree = "<group>"; };
		4972DBCB21977E5200CCE8E6 /* LoginRegisterController+Handlers.swift */ = {isa = PBXFileReference; lastKnownFileType = sourcecode.swift; path = "LoginRegisterController+Handlers.swift"; sourceTree = "<group>"; };
		4977A5D421A12A8E00C72F61 /* UserCell.swift */ = {isa = PBXFileReference; lastKnownFileType = sourcecode.swift; path = UserCell.swift; sourceTree = "<group>"; };
		49B2BAF92195C8D600BED11F /* NewMessageController.swift */ = {isa = PBXFileReference; lastKnownFileType = sourcecode.swift; path = NewMessageController.swift; sourceTree = "<group>"; };
		49B2BAFC2195CDF000BED11F /* User.swift */ = {isa = PBXFileReference; lastKnownFileType = sourcecode.swift; path = User.swift; sourceTree = "<group>"; };
		49B2BAFE2196A9B800BED11F /* RealmDataManager.swift */ = {isa = PBXFileReference; lastKnownFileType = sourcecode.swift; path = RealmDataManager.swift; sourceTree = "<group>"; };
		49B2BB002196B7E900BED11F /* FirebaseDataManager.swift */ = {isa = PBXFileReference; lastKnownFileType = sourcecode.swift; path = FirebaseDataManager.swift; sourceTree = "<group>"; };
		49F8DBCB219A0420009AB97E /* ImageCache.swift */ = {isa = PBXFileReference; lastKnownFileType = sourcecode.swift; path = ImageCache.swift; sourceTree = "<group>"; };
		9B6A79D04521E1901034C7A3 /* Pods-Messages.debug.xcconfig */ = {isa = PBXFileReference; includeInIndex = 1; lastKnownFileType = text.xcconfig; name = "Pods-Messages.debug.xcconfig"; path = "Pods/Target Support Files/Pods-Messages/Pods-Messages.debug.xcconfig"; sourceTree = "<group>"; };
		A58EA9E5CFE38BE73A7F2FD8 /* Pods-Messages.release.xcconfig */ = {isa = PBXFileReference; includeInIndex = 1; lastKnownFileType = text.xcconfig; name = "Pods-Messages.release.xcconfig"; path = "Pods/Target Support Files/Pods-Messages/Pods-Messages.release.xcconfig"; sourceTree = "<group>"; };
/* End PBXFileReference section */

/* Begin PBXFrameworksBuildPhase section */
		494F483A21928C6400CA31F0 /* Frameworks */ = {
			isa = PBXFrameworksBuildPhase;
			buildActionMask = 2147483647;
			files = (
				1B290ACF6A43B663E0158068 /* Pods_Messages.framework in Frameworks */,
			);
			runOnlyForDeploymentPostprocessing = 0;
		};
/* End PBXFrameworksBuildPhase section */

/* Begin PBXGroup section */
		494F483421928C6400CA31F0 = {
			isa = PBXGroup;
			children = (
				494F483F21928C6400CA31F0 /* Messages */,
				494F483E21928C6400CA31F0 /* Products */,
				E62BA13C91977337257BFB86 /* Pods */,
				D24B4280710252CDC56DB2CD /* Frameworks */,
			);
			sourceTree = "<group>";
		};
		494F483E21928C6400CA31F0 /* Products */ = {
			isa = PBXGroup;
			children = (
				494F483D21928C6400CA31F0 /* Messages.app */,
			);
			name = Products;
			sourceTree = "<group>";
		};
		494F483F21928C6400CA31F0 /* Messages */ = {
			isa = PBXGroup;
			children = (
				4977A5D321A12A5400C72F61 /* Views */,
				49F8DBCA219A03FE009AB97E /* Utils */,
				49B2BAFB2195CDDB00BED11F /* Model */,
				494F4854219290F700CA31F0 /* Controller */,
				494F484721928C6500CA31F0 /* Assets.xcassets */,
				494F484021928C6400CA31F0 /* AppDelegate.swift */,
				494F484921928C6500CA31F0 /* LaunchScreen.storyboard */,
				494F484C21928C6500CA31F0 /* Info.plist */,
				490CD47B21947B7900FED70E /* GoogleService-Info.plist */,
			);
			path = Messages;
			sourceTree = "<group>";
		};
		494F4854219290F700CA31F0 /* Controller */ = {
			isa = PBXGroup;
			children = (
				490CD47D21949CC500FED70E /* LoginRegisterController.swift */,
				4972DBCB21977E5200CCE8E6 /* LoginRegisterController+Handlers.swift */,
				494F484221928C6400CA31F0 /* MessagesController.swift */,
				49B2BAF92195C8D600BED11F /* NewMessageController.swift */,
				496B3417219B1A61000029D8 /* ChatLogController.swift */,
			);
			path = Controller;
			sourceTree = "<group>";
		};
		4977A5D321A12A5400C72F61 /* Views */ = {
			isa = PBXGroup;
			children = (
				4977A5D421A12A8E00C72F61 /* UserCell.swift */,
			);
			path = Views;
			sourceTree = "<group>";
		};
		49B2BAFB2195CDDB00BED11F /* Model */ = {
			isa = PBXGroup;
			children = (
				49B2BAFC2195CDF000BED11F /* User.swift */,
				493A50D3219DDA6C00B1244B /* Message.swift */,
				49B2BAFE2196A9B800BED11F /* RealmDataManager.swift */,
				49B2BB002196B7E900BED11F /* FirebaseDataManager.swift */,
			);
			path = Model;
			sourceTree = "<group>";
		};
		49F8DBCA219A03FE009AB97E /* Utils */ = {
			isa = PBXGroup;
			children = (
				49F8DBCB219A0420009AB97E /* ImageCache.swift */,
			);
			path = Utils;
			sourceTree = "<group>";
		};
		D24B4280710252CDC56DB2CD /* Frameworks */ = {
			isa = PBXGroup;
			children = (
				45C3111B423137B0DBE4B44E /* Pods_Messages.framework */,
			);
			name = Frameworks;
			sourceTree = "<group>";
		};
		E62BA13C91977337257BFB86 /* Pods */ = {
			isa = PBXGroup;
			children = (
				9B6A79D04521E1901034C7A3 /* Pods-Messages.debug.xcconfig */,
				A58EA9E5CFE38BE73A7F2FD8 /* Pods-Messages.release.xcconfig */,
			);
			name = Pods;
			sourceTree = "<group>";
		};
/* End PBXGroup section */

/* Begin PBXNativeTarget section */
		494F483C21928C6400CA31F0 /* Messages */ = {
			isa = PBXNativeTarget;
			buildConfigurationList = 494F484F21928C6500CA31F0 /* Build configuration list for PBXNativeTarget "Messages" */;
			buildPhases = (
				DF483E8AE2E5CC943FD9276B /* [CP] Check Pods Manifest.lock */,
				494F483921928C6400CA31F0 /* Sources */,
				494F483A21928C6400CA31F0 /* Frameworks */,
				494F483B21928C6400CA31F0 /* Resources */,
				4B056B360DDEDA4C2E0F1AB3 /* [CP] Embed Pods Frameworks */,
				3FF666FC52BDCAC14B136FFD /* [CP] Copy Pods Resources */,
			);
			buildRules = (
			);
			dependencies = (
			);
			name = Messages;
			productName = Messages;
			productReference = 494F483D21928C6400CA31F0 /* Messages.app */;
			productType = "com.apple.product-type.application";
		};
/* End PBXNativeTarget section */

/* Begin PBXProject section */
		494F483521928C6400CA31F0 /* Project object */ = {
			isa = PBXProject;
			attributes = {
				LastSwiftUpdateCheck = 1010;
				LastUpgradeCheck = 1010;
				ORGANIZATIONNAME = Jonathan;
				TargetAttributes = {
					494F483C21928C6400CA31F0 = {
						CreatedOnToolsVersion = 10.1;
					};
				};
			};
			buildConfigurationList = 494F483821928C6400CA31F0 /* Build configuration list for PBXProject "Messages" */;
			compatibilityVersion = "Xcode 9.3";
			developmentRegion = en;
			hasScannedForEncodings = 0;
			knownRegions = (
				en,
				Base,
			);
			mainGroup = 494F483421928C6400CA31F0;
			productRefGroup = 494F483E21928C6400CA31F0 /* Products */;
			projectDirPath = "";
			projectRoot = "";
			targets = (
				494F483C21928C6400CA31F0 /* Messages */,
			);
		};
/* End PBXProject section */

/* Begin PBXResourcesBuildPhase section */
		494F483B21928C6400CA31F0 /* Resources */ = {
			isa = PBXResourcesBuildPhase;
			buildActionMask = 2147483647;
			files = (
				494F484B21928C6500CA31F0 /* LaunchScreen.storyboard in Resources */,
				494F484821928C6500CA31F0 /* Assets.xcassets in Resources */,
				490CD47C21947B7900FED70E /* GoogleService-Info.plist in Resources */,
			);
			runOnlyForDeploymentPostprocessing = 0;
		};
/* End PBXResourcesBuildPhase section */

/* Begin PBXShellScriptBuildPhase section */
		3FF666FC52BDCAC14B136FFD /* [CP] Copy Pods Resources */ = {
			isa = PBXShellScriptBuildPhase;
			buildActionMask = 2147483647;
			files = (
			);
			inputPaths = (
			);
			name = "[CP] Copy Pods Resources";
			outputPaths = (
			);
			runOnlyForDeploymentPostprocessing = 0;
			shellPath = /bin/sh;
			shellScript = "\"${SRCROOT}/Pods/Target Support Files/Pods-Messages/Pods-Messages-resources.sh\"\n";
			showEnvVarsInLog = 0;
		};
		4B056B360DDEDA4C2E0F1AB3 /* [CP] Embed Pods Frameworks */ = {
			isa = PBXShellScriptBuildPhase;
			buildActionMask = 2147483647;
			files = (
			);
			inputPaths = (
				"${SRCROOT}/Pods/Target Support Files/Pods-Messages/Pods-Messages-frameworks.sh",
				"${BUILT_PRODUCTS_DIR}/GTMSessionFetcher/GTMSessionFetcher.framework",
				"${BUILT_PRODUCTS_DIR}/GoogleUtilities/GoogleUtilities.framework",
				"${BUILT_PRODUCTS_DIR}/Realm/Realm.framework",
				"${BUILT_PRODUCTS_DIR}/RealmSwift/RealmSwift.framework",
				"${BUILT_PRODUCTS_DIR}/leveldb-library/leveldb.framework",
				"${BUILT_PRODUCTS_DIR}/nanopb/nanopb.framework",
			);
			name = "[CP] Embed Pods Frameworks";
			outputPaths = (
				"${TARGET_BUILD_DIR}/${FRAMEWORKS_FOLDER_PATH}/GTMSessionFetcher.framework",
				"${TARGET_BUILD_DIR}/${FRAMEWORKS_FOLDER_PATH}/GoogleUtilities.framework",
				"${TARGET_BUILD_DIR}/${FRAMEWORKS_FOLDER_PATH}/Realm.framework",
				"${TARGET_BUILD_DIR}/${FRAMEWORKS_FOLDER_PATH}/RealmSwift.framework",
				"${TARGET_BUILD_DIR}/${FRAMEWORKS_FOLDER_PATH}/leveldb.framework",
				"${TARGET_BUILD_DIR}/${FRAMEWORKS_FOLDER_PATH}/nanopb.framework",
			);
			runOnlyForDeploymentPostprocessing = 0;
			shellPath = /bin/sh;
			shellScript = "\"${SRCROOT}/Pods/Target Support Files/Pods-Messages/Pods-Messages-frameworks.sh\"\n";
			showEnvVarsInLog = 0;
		};
		DF483E8AE2E5CC943FD9276B /* [CP] Check Pods Manifest.lock */ = {
			isa = PBXShellScriptBuildPhase;
			buildActionMask = 2147483647;
			files = (
			);
			inputPaths = (
				"${PODS_PODFILE_DIR_PATH}/Podfile.lock",
				"${PODS_ROOT}/Manifest.lock",
			);
			name = "[CP] Check Pods Manifest.lock";
			outputPaths = (
				"$(DERIVED_FILE_DIR)/Pods-Messages-checkManifestLockResult.txt",
			);
			runOnlyForDeploymentPostprocessing = 0;
			shellPath = /bin/sh;
			shellScript = "diff \"${PODS_PODFILE_DIR_PATH}/Podfile.lock\" \"${PODS_ROOT}/Manifest.lock\" > /dev/null\nif [ $? != 0 ] ; then\n    # print error to STDERR\n    echo \"error: The sandbox is not in sync with the Podfile.lock. Run 'pod install' or update your CocoaPods installation.\" >&2\n    exit 1\nfi\n# This output is used by Xcode 'outputs' to avoid re-running this script phase.\necho \"SUCCESS\" > \"${SCRIPT_OUTPUT_FILE_0}\"\n";
			showEnvVarsInLog = 0;
		};
/* End PBXShellScriptBuildPhase section */

/* Begin PBXSourcesBuildPhase section */
		494F483921928C6400CA31F0 /* Sources */ = {
			isa = PBXSourcesBuildPhase;
			buildActionMask = 2147483647;
			files = (
				4977A5D521A12A8E00C72F61 /* UserCell.swift in Sources */,
				496B3418219B1A61000029D8 /* ChatLogController.swift in Sources */,
				49B2BAFA2195C8D600BED11F /* NewMessageController.swift in Sources */,
				494F484321928C6400CA31F0 /* MessagesController.swift in Sources */,
				494F484121928C6400CA31F0 /* AppDelegate.swift in Sources */,
				49F8DBCC219A0420009AB97E /* ImageCache.swift in Sources */,
				49B2BAFD2195CDF000BED11F /* User.swift in Sources */,
				493A50D4219DDA6C00B1244B /* Message.swift in Sources */,
				490CD47E21949CC500FED70E /* LoginRegisterController.swift in Sources */,
				49B2BB012196B7E900BED11F /* FirebaseDataManager.swift in Sources */,
				49B2BAFF2196A9B800BED11F /* RealmDataManager.swift in Sources */,
				4972DBCC21977E5200CCE8E6 /* LoginRegisterController+Handlers.swift in Sources */,
			);
			runOnlyForDeploymentPostprocessing = 0;
		};
/* End PBXSourcesBuildPhase section */

/* Begin PBXVariantGroup section */
		494F484921928C6500CA31F0 /* LaunchScreen.storyboard */ = {
			isa = PBXVariantGroup;
			children = (
				494F484A21928C6500CA31F0 /* Base */,
			);
			name = LaunchScreen.storyboard;
			sourceTree = "<group>";
		};
/* End PBXVariantGroup section */

/* Begin XCBuildConfiguration section */
		494F484D21928C6500CA31F0 /* Debug */ = {
			isa = XCBuildConfiguration;
			buildSettings = {
				ALWAYS_SEARCH_USER_PATHS = NO;
				CLANG_ANALYZER_NONNULL = YES;
				CLANG_ANALYZER_NUMBER_OBJECT_CONVERSION = YES_AGGRESSIVE;
				CLANG_CXX_LANGUAGE_STANDARD = "gnu++14";
				CLANG_CXX_LIBRARY = "libc++";
				CLANG_ENABLE_MODULES = YES;
				CLANG_ENABLE_OBJC_ARC = YES;
				CLANG_ENABLE_OBJC_WEAK = YES;
				CLANG_WARN_BLOCK_CAPTURE_AUTORELEASING = YES;
				CLANG_WARN_BOOL_CONVERSION = YES;
				CLANG_WARN_COMMA = YES;
				CLANG_WARN_CONSTANT_CONVERSION = YES;
				CLANG_WARN_DEPRECATED_OBJC_IMPLEMENTATIONS = YES;
				CLANG_WARN_DIRECT_OBJC_ISA_USAGE = YES_ERROR;
				CLANG_WARN_DOCUMENTATION_COMMENTS = YES;
				CLANG_WARN_EMPTY_BODY = YES;
				CLANG_WARN_ENUM_CONVERSION = YES;
				CLANG_WARN_INFINITE_RECURSION = YES;
				CLANG_WARN_INT_CONVERSION = YES;
				CLANG_WARN_NON_LITERAL_NULL_CONVERSION = YES;
				CLANG_WARN_OBJC_IMPLICIT_RETAIN_SELF = YES;
				CLANG_WARN_OBJC_LITERAL_CONVERSION = YES;
				CLANG_WARN_OBJC_ROOT_CLASS = YES_ERROR;
				CLANG_WARN_RANGE_LOOP_ANALYSIS = YES;
				CLANG_WARN_STRICT_PROTOTYPES = YES;
				CLANG_WARN_SUSPICIOUS_MOVE = YES;
				CLANG_WARN_UNGUARDED_AVAILABILITY = YES_AGGRESSIVE;
				CLANG_WARN_UNREACHABLE_CODE = YES;
				CLANG_WARN__DUPLICATE_METHOD_MATCH = YES;
				CODE_SIGN_IDENTITY = "iPhone Developer";
				COPY_PHASE_STRIP = NO;
				DEBUG_INFORMATION_FORMAT = dwarf;
				ENABLE_STRICT_OBJC_MSGSEND = YES;
				ENABLE_TESTABILITY = YES;
				GCC_C_LANGUAGE_STANDARD = gnu11;
				GCC_DYNAMIC_NO_PIC = NO;
				GCC_NO_COMMON_BLOCKS = YES;
				GCC_OPTIMIZATION_LEVEL = 0;
				GCC_PREPROCESSOR_DEFINITIONS = (
					"DEBUG=1",
					"$(inherited)",
				);
				GCC_WARN_64_TO_32_BIT_CONVERSION = YES;
				GCC_WARN_ABOUT_RETURN_TYPE = YES_ERROR;
				GCC_WARN_UNDECLARED_SELECTOR = YES;
				GCC_WARN_UNINITIALIZED_AUTOS = YES_AGGRESSIVE;
				GCC_WARN_UNUSED_FUNCTION = YES;
				GCC_WARN_UNUSED_VARIABLE = YES;
				IPHONEOS_DEPLOYMENT_TARGET = 12.1;
				MTL_ENABLE_DEBUG_INFO = INCLUDE_SOURCE;
				MTL_FAST_MATH = YES;
				ONLY_ACTIVE_ARCH = YES;
				SDKROOT = iphoneos;
				SWIFT_ACTIVE_COMPILATION_CONDITIONS = DEBUG;
				SWIFT_OPTIMIZATION_LEVEL = "-Onone";
			};
			name = Debug;
		};
		494F484E21928C6500CA31F0 /* Release */ = {
			isa = XCBuildConfiguration;
			buildSettings = {
				ALWAYS_SEARCH_USER_PATHS = NO;
				CLANG_ANALYZER_NONNULL = YES;
				CLANG_ANALYZER_NUMBER_OBJECT_CONVERSION = YES_AGGRESSIVE;
				CLANG_CXX_LANGUAGE_STANDARD = "gnu++14";
				CLANG_CXX_LIBRARY = "libc++";
				CLANG_ENABLE_MODULES = YES;
				CLANG_ENABLE_OBJC_ARC = YES;
				CLANG_ENABLE_OBJC_WEAK = YES;
				CLANG_WARN_BLOCK_CAPTURE_AUTORELEASING = YES;
				CLANG_WARN_BOOL_CONVERSION = YES;
				CLANG_WARN_COMMA = YES;
				CLANG_WARN_CONSTANT_CONVERSION = YES;
				CLANG_WARN_DEPRECATED_OBJC_IMPLEMENTATIONS = YES;
				CLANG_WARN_DIRECT_OBJC_ISA_USAGE = YES_ERROR;
				CLANG_WARN_DOCUMENTATION_COMMENTS = YES;
				CLANG_WARN_EMPTY_BODY = YES;
				CLANG_WARN_ENUM_CONVERSION = YES;
				CLANG_WARN_INFINITE_RECURSION = YES;
				CLANG_WARN_INT_CONVERSION = YES;
				CLANG_WARN_NON_LITERAL_NULL_CONVERSION = YES;
				CLANG_WARN_OBJC_IMPLICIT_RETAIN_SELF = YES;
				CLANG_WARN_OBJC_LITERAL_CONVERSION = YES;
				CLANG_WARN_OBJC_ROOT_CLASS = YES_ERROR;
				CLANG_WARN_RANGE_LOOP_ANALYSIS = YES;
				CLANG_WARN_STRICT_PROTOTYPES = YES;
				CLANG_WARN_SUSPICIOUS_MOVE = YES;
				CLANG_WARN_UNGUARDED_AVAILABILITY = YES_AGGRESSIVE;
				CLANG_WARN_UNREACHABLE_CODE = YES;
				CLANG_WARN__DUPLICATE_METHOD_MATCH = YES;
				CODE_SIGN_IDENTITY = "iPhone Developer";
				COPY_PHASE_STRIP = NO;
				DEBUG_INFORMATION_FORMAT = "dwarf-with-dsym";
				ENABLE_NS_ASSERTIONS = NO;
				ENABLE_STRICT_OBJC_MSGSEND = YES;
				GCC_C_LANGUAGE_STANDARD = gnu11;
				GCC_NO_COMMON_BLOCKS = YES;
				GCC_WARN_64_TO_32_BIT_CONVERSION = YES;
				GCC_WARN_ABOUT_RETURN_TYPE = YES_ERROR;
				GCC_WARN_UNDECLARED_SELECTOR = YES;
				GCC_WARN_UNINITIALIZED_AUTOS = YES_AGGRESSIVE;
				GCC_WARN_UNUSED_FUNCTION = YES;
				GCC_WARN_UNUSED_VARIABLE = YES;
				IPHONEOS_DEPLOYMENT_TARGET = 12.1;
				MTL_ENABLE_DEBUG_INFO = NO;
				MTL_FAST_MATH = YES;
				SDKROOT = iphoneos;
				SWIFT_COMPILATION_MODE = wholemodule;
				SWIFT_OPTIMIZATION_LEVEL = "-O";
				VALIDATE_PRODUCT = YES;
			};
			name = Release;
		};
		494F485021928C6500CA31F0 /* Debug */ = {
			isa = XCBuildConfiguration;
			baseConfigurationReference = 9B6A79D04521E1901034C7A3 /* Pods-Messages.debug.xcconfig */;
			buildSettings = {
				ASSETCATALOG_COMPILER_APPICON_NAME = AppIcon;
				CODE_SIGN_STYLE = Automatic;
				DEVELOPMENT_TEAM = MBQ2JLQD83;
				INFOPLIST_FILE = Messages/Info.plist;
				LD_RUNPATH_SEARCH_PATHS = (
					"$(inherited)",
					"@executable_path/Frameworks",
				);
				PRODUCT_BUNDLE_IDENTIFIER = com.jon.cal.Messages;
				PRODUCT_NAME = "$(TARGET_NAME)";
				SWIFT_VERSION = 4.2;
				TARGETED_DEVICE_FAMILY = "1,2";
			};
			name = Debug;
		};
		494F485121928C6500CA31F0 /* Release */ = {
			isa = XCBuildConfiguration;
			baseConfigurationReference = A58EA9E5CFE38BE73A7F2FD8 /* Pods-Messages.release.xcconfig */;
			buildSettings = {
				ASSETCATALOG_COMPILER_APPICON_NAME = AppIcon;
				CODE_SIGN_STYLE = Automatic;
				DEVELOPMENT_TEAM = MBQ2JLQD83;
				INFOPLIST_FILE = Messages/Info.plist;
				LD_RUNPATH_SEARCH_PATHS = (
					"$(inherited)",
					"@executable_path/Frameworks",
				);
				PRODUCT_BUNDLE_IDENTIFIER = com.jon.cal.Messages;
				PRODUCT_NAME = "$(TARGET_NAME)";
				SWIFT_VERSION = 4.2;
				TARGETED_DEVICE_FAMILY = "1,2";
			};
			name = Release;
		};
/* End XCBuildConfiguration section */

/* Begin XCConfigurationList section */
		494F483821928C6400CA31F0 /* Build configuration list for PBXProject "Messages" */ = {
			isa = XCConfigurationList;
			buildConfigurations = (
				494F484D21928C6500CA31F0 /* Debug */,
				494F484E21928C6500CA31F0 /* Release */,
			);
			defaultConfigurationIsVisible = 0;
			defaultConfigurationName = Release;
		};
		494F484F21928C6500CA31F0 /* Build configuration list for PBXNativeTarget "Messages" */ = {
			isa = XCConfigurationList;
			buildConfigurations = (
				494F485021928C6500CA31F0 /* Debug */,
				494F485121928C6500CA31F0 /* Release */,
			);
			defaultConfigurationIsVisible = 0;
			defaultConfigurationName = Release;
		};
/* End XCConfigurationList section */
	};
	rootObject = 494F483521928C6400CA31F0 /* Project object */;
}
